
Microsoft Visual Studio Solution File, Format Version 12.00
# Visual Studio 15
VisualStudioVersion = 15.0.27130.2036
MinimumVisualStudioVersion = 10.0.40219.1
Project("{FAE04EC0-301F-11D3-BF4B-00C04F79EFBC}") = "TrabalhoIntegradoAEDSO", "TrabalhoIntegradoAEDSO\TrabalhoIntegradoAEDSO.csproj", "{35E2886D-E88F-4258-961A-72D3E469D2E1}"
EndProject
Global
	GlobalSection(SolutionConfigurationPlatforms) = preSolution
		Debug|Any CPU = Debug|Any CPU
		Release|Any CPU = Release|Any CPU
	EndGlobalSection
	GlobalSection(ProjectConfigurationPlatforms) = postSolution
		{35E2886D-E88F-4258-961A-72D3E469D2E1}.Debug|Any CPU.ActiveCfg = Debug|Any CPU
		{35E2886D-E88F-4258-961A-72D3E469D2E1}.Debug|Any CPU.Build.0 = Debug|Any CPU
		{35E2886D-E88F-4258-961A-72D3E469D2E1}.Release|Any CPU.ActiveCfg = Release|Any CPU
		{35E2886D-E88F-4258-961A-72D3E469D2E1}.Release|Any CPU.Build.0 = Release|Any CPU
	EndGlobalSection
	GlobalSection(SolutionProperties) = preSolution
		HideSolutionNode = FALSE
	EndGlobalSection
	GlobalSection(ExtensibilityGlobals) = postSolution
		SolutionGuid = {16830A51-5DEA-4979-B313-53220FC0BFDF}
	EndGlobalSection
	GlobalSection(TeamFoundationVersionControl) = preSolution
		SccNumberOfProjects = 2
		SccEnterpriseProvider = {4CA58AB2-18FA-4F8D-95D4-32DDF27D184C}
		SccTeamFoundationServer = https://grupoaed2018.visualstudio.com/
		SccLocalPath0 = .
		SccProjectUniqueName1 = TrabalhoIntegradoAEDSO\\TrabalhoIntegradoAEDSO.csproj
		SccProjectName1 = TrabalhoIntegradoAEDSO
		SccLocalPath1 = TrabalhoIntegradoAEDSO
	EndGlobalSection
EndGlobal
